
Microsoft Visual Studio Solution File, Format Version 12.00
# Visual Studio 15
VisualStudioVersion = 15.0.28307.168
MinimumVisualStudioVersion = 10.0.40219.1
Project("{FAE04EC0-301F-11D3-BF4B-00C04F79EFBC}") = "SuperZapatos", "SuperZapatos\SuperZapatos.csproj", "{C743C5E0-9AE1-4B70-9E2E-BA20914076C7}"
EndProject
Global
	GlobalSection(SolutionConfigurationPlatforms) = preSolution
		Debug|Any CPU = Debug|Any CPU
		Release|Any CPU = Release|Any CPU
	EndGlobalSection
	GlobalSection(ProjectConfigurationPlatforms) = postSolution
		{C743C5E0-9AE1-4B70-9E2E-BA20914076C7}.Debug|Any CPU.ActiveCfg = Debug|Any CPU
		{C743C5E0-9AE1-4B70-9E2E-BA20914076C7}.Debug|Any CPU.Build.0 = Debug|Any CPU
		{C743C5E0-9AE1-4B70-9E2E-BA20914076C7}.Release|Any CPU.ActiveCfg = Release|Any CPU
		{C743C5E0-9AE1-4B70-9E2E-BA20914076C7}.Release|Any CPU.Build.0 = Release|Any CPU
	EndGlobalSection
	GlobalSection(SolutionProperties) = preSolution
		HideSolutionNode = FALSE
	EndGlobalSection
	GlobalSection(ExtensibilityGlobals) = postSolution
		SolutionGuid = {29A064C1-91A9-4B8C-9B47-E3770EA534F8}
	EndGlobalSection
EndGlobal
